
Microsoft Visual Studio Solution File, Format Version 11.00
# Visual Studio 2010
Project("{FAE04EC0-301F-11D3-BF4B-00C04F79EFBC}") = "KnowYourGPA.Web", "KnowYourGPA.Web\KnowYourGPA.Web.csproj", "{D5550F63-F0D7-4763-BF43-F278BFCD7979}"
EndProject
Project("{FAE04EC0-301F-11D3-BF4B-00C04F79EFBC}") = "KnowYourGPA.Web.Tests", "KnowYourGPA.Web.Tests\KnowYourGPA.Web.Tests.csproj", "{1A05C932-6DCB-455E-9B4C-5C0D2A2F0F59}"
EndProject
Global
	GlobalSection(SolutionConfigurationPlatforms) = preSolution
		Debug|Any CPU = Debug|Any CPU
		Release|Any CPU = Release|Any CPU
	EndGlobalSection
	GlobalSection(ProjectConfigurationPlatforms) = postSolution
		{D5550F63-F0D7-4763-BF43-F278BFCD7979}.Debug|Any CPU.ActiveCfg = Debug|Any CPU
		{D5550F63-F0D7-4763-BF43-F278BFCD7979}.Debug|Any CPU.Build.0 = Debug|Any CPU
		{D5550F63-F0D7-4763-BF43-F278BFCD7979}.Release|Any CPU.ActiveCfg = Release|Any CPU
		{D5550F63-F0D7-4763-BF43-F278BFCD7979}.Release|Any CPU.Build.0 = Release|Any CPU
		{1A05C932-6DCB-455E-9B4C-5C0D2A2F0F59}.Debug|Any CPU.ActiveCfg = Debug|Any CPU
		{1A05C932-6DCB-455E-9B4C-5C0D2A2F0F59}.Debug|Any CPU.Build.0 = Debug|Any CPU
		{1A05C932-6DCB-455E-9B4C-5C0D2A2F0F59}.Release|Any CPU.ActiveCfg = Release|Any CPU
		{1A05C932-6DCB-455E-9B4C-5C0D2A2F0F59}.Release|Any CPU.Build.0 = Release|Any CPU
	EndGlobalSection
	GlobalSection(SolutionProperties) = preSolution
		HideSolutionNode = FALSE
	EndGlobalSection
EndGlobal
